
Microsoft Visual Studio Solution File, Format Version 12.00
# Visual Studio Version 16
VisualStudioVersion = 16.0.30309.148
MinimumVisualStudioVersion = 10.0.40219.1
Project("{FAE04EC0-301F-11D3-BF4B-00C04F79EFBC}") = "Keylogger-1.0.0", "Keylogger-1.0.0\Keylogger-1.0.0.csproj", "{07F019B1-DF2C-47E4-A61F-7235EDD9B31A}"
EndProject
Global
	GlobalSection(SolutionConfigurationPlatforms) = preSolution
		Debug|Any CPU = Debug|Any CPU
		Release|Any CPU = Release|Any CPU
	EndGlobalSection
	GlobalSection(ProjectConfigurationPlatforms) = postSolution
		{07F019B1-DF2C-47E4-A61F-7235EDD9B31A}.Debug|Any CPU.ActiveCfg = Debug|Any CPU
		{07F019B1-DF2C-47E4-A61F-7235EDD9B31A}.Debug|Any CPU.Build.0 = Debug|Any CPU
		{07F019B1-DF2C-47E4-A61F-7235EDD9B31A}.Release|Any CPU.ActiveCfg = Release|Any CPU
		{07F019B1-DF2C-47E4-A61F-7235EDD9B31A}.Release|Any CPU.Build.0 = Release|Any CPU
	EndGlobalSection
	GlobalSection(SolutionProperties) = preSolution
		HideSolutionNode = FALSE
	EndGlobalSection
	GlobalSection(ExtensibilityGlobals) = postSolution
		SolutionGuid = {769A1FEE-FA0C-4A5F-A42C-2C06A0137727}
	EndGlobalSection
EndGlobal
